{
    "name": "kedro-sphinx-theme",
    "lockfileVersion": 3,
    "requires": true,
    "packages": {
        "": {
            "name": "kedro-sphinx-theme",
            "devDependencies": {
                "concat": "^1.0.3"
            }
        },
        "node_modules/commander": {
            "version": "2.20.3",
            "resolved": "https://registry.npmjs.org/commander/-/commander-2.20.3.tgz",
            "integrity": "sha512-GpVkmM8vF2vQUkj2LvZmD35JxeJOLCwJ9cUkugyk2nuhbv3+mJvpLYYt+0+USMxE+oj+ey/lJEnhZw75x/OMcQ==",
            "dev": true
        },
        "node_modules/concat": {
            "version": "1.0.3",
            "resolved": "https://registry.npmjs.org/concat/-/concat-1.0.3.tgz",
            "integrity": "sha512-f/ZaH1aLe64qHgTILdldbvyfGiGF4uzeo9IuXUloIOLQzFmIPloy9QbZadNsuVv0j5qbKQvQb/H/UYf2UsKTpw==",
            "dev": true,
            "dependencies": {
                "commander": "^2.9.0"
            },
            "bin": {
                "concat": "bin/concat"
            },
            "engines": {
                "node": ">=6"
            }
        }
    }
}
